hash: 2961f48911b14aba5d76faeb1d377594f172009939191ae2d8c65eb78801cfb9
updated: 2020-01-04T01:06:28.5795167Z
imports:
- name: github.com/go-ole/go-ole
  version: 14974a1cf6477f616180232977d8ab4791ea8820
  subpackages:
  - oleutil
- name: github.com/mitchellh/go-ps
  version: 621e5597135b1d14a7d9c2bfc7bc312e7c58463c
- name: github.com/shirou/gopsutil
  version: c0410b92ca5e440fba10e069c9a4aac3f64d3fc6
  subpackages:
  - cpu
  - internal/common
  - mem
  - net
  - process
- name: github.com/StackExchange/wmi
  version: cbe66965904dbe8a6cd589e2298e5d8b986bd7dd
- name: golang.org/x/sys
  version: a1369afcdac740082c63165b07ec83b531884be2
  subpackages:
  - unix
  - windows
testImports:
- name: github.com/davecgh/go-spew
  version: d8f796af33cc11cb798c1aaeb27a4ebc5099927d
  subpackages:
  - spew
- name: github.com/pmezard/go-difflib
  version: 5d4384ee4fb2527b0a1256a821ebfc92f91efefc
  subpackages:
  - difflib
- name: github.com/stretchr/testify
  version: ffdc059bfe9ce6a4e144ba849dbedead332c6053
  subpackages:
  - assert
